
Microsoft Visual Studio Solution File, Format Version 12.00
# Visual Studio Version 17
VisualStudioVersion = 17.0.31903.59
MinimumVisualStudioVersion = 10.0.40219.1
Project("{9A19103F-16F7-4668-BE54-9A1E7A4F7556}") = "PhotoBackup.CLI", "PhotoBackup.CLI\PhotoBackup.CLI.csproj", "{1AC28D7E-C811-4D9A-9D9B-273D9B9D3301}"
EndProject
Project("{9A19103F-16F7-4668-BE54-9A1E7A4F7556}") = "PhotoBackup.Library", "PhotoBackup.Library\PhotoBackup.Library.csproj", "{08CE6FA3-6C99-482B-921C-13C396964270}"
EndProject
Project("{FAE04EC0-301F-11D3-BF4B-00C04F79EFBC}") = "PhotoBackup.WinForm", "PhotoBackup.WinForm\PhotoBackup.WinForm.csproj", "{383562D5-EE20-4B9F-88DE-554483D058D8}"
EndProject
Global
	GlobalSection(SolutionConfigurationPlatforms) = preSolution
		Debug|Any CPU = Debug|Any CPU
		Release|Any CPU = Release|Any CPU
	EndGlobalSection
	GlobalSection(ProjectConfigurationPlatforms) = postSolution
		{1AC28D7E-C811-4D9A-9D9B-273D9B9D3301}.Debug|Any CPU.ActiveCfg = Debug|Any CPU
		{1AC28D7E-C811-4D9A-9D9B-273D9B9D3301}.Debug|Any CPU.Build.0 = Debug|Any CPU
		{1AC28D7E-C811-4D9A-9D9B-273D9B9D3301}.Release|Any CPU.ActiveCfg = Release|Any CPU
		{1AC28D7E-C811-4D9A-9D9B-273D9B9D3301}.Release|Any CPU.Build.0 = Release|Any CPU
		{08CE6FA3-6C99-482B-921C-13C396964270}.Debug|Any CPU.ActiveCfg = Debug|Any CPU
		{08CE6FA3-6C99-482B-921C-13C396964270}.Debug|Any CPU.Build.0 = Debug|Any CPU
		{08CE6FA3-6C99-482B-921C-13C396964270}.Release|Any CPU.ActiveCfg = Release|Any CPU
		{08CE6FA3-6C99-482B-921C-13C396964270}.Release|Any CPU.Build.0 = Release|Any CPU
		{383562D5-EE20-4B9F-88DE-554483D058D8}.Debug|Any CPU.ActiveCfg = Debug|Any CPU
		{383562D5-EE20-4B9F-88DE-554483D058D8}.Debug|Any CPU.Build.0 = Debug|Any CPU
		{383562D5-EE20-4B9F-88DE-554483D058D8}.Release|Any CPU.ActiveCfg = Release|Any CPU
		{383562D5-EE20-4B9F-88DE-554483D058D8}.Release|Any CPU.Build.0 = Release|Any CPU
	EndGlobalSection
	GlobalSection(SolutionProperties) = preSolution
		HideSolutionNode = FALSE
	EndGlobalSection
	GlobalSection(ExtensibilityGlobals) = postSolution
		SolutionGuid = {950A82F1-917C-471F-982F-D081E98FB1C0}
	EndGlobalSection
EndGlobal
